
Microsoft Visual Studio Solution File, Format Version 12.00
# Visual Studio Version 16
VisualStudioVersion = 16.0.31005.135
MinimumVisualStudioVersion = 10.0.40219.1
Project("{FAE04EC0-301F-11D3-BF4B-00C04F79EFBC}") = "ConcurrentProgramming", "ConcurrentProgramming\ConcurrentProgramming.csproj", "{2174ACF3-B016-413E-A6E8-3F360736BA13}"
EndProject
Global
	GlobalSection(SolutionConfigurationPlatforms) = preSolution
		Debug|Any CPU = Debug|Any CPU
		Release|Any CPU = Release|Any CPU
	EndGlobalSection
	GlobalSection(ProjectConfigurationPlatforms) = postSolution
		{2174ACF3-B016-413E-A6E8-3F360736BA13}.Debug|Any CPU.ActiveCfg = Debug|Any CPU
		{2174ACF3-B016-413E-A6E8-3F360736BA13}.Debug|Any CPU.Build.0 = Debug|Any CPU
		{2174ACF3-B016-413E-A6E8-3F360736BA13}.Release|Any CPU.ActiveCfg = Release|Any CPU
		{2174ACF3-B016-413E-A6E8-3F360736BA13}.Release|Any CPU.Build.0 = Release|Any CPU
	EndGlobalSection
	GlobalSection(SolutionProperties) = preSolution
		HideSolutionNode = FALSE
	EndGlobalSection
	GlobalSection(ExtensibilityGlobals) = postSolution
		SolutionGuid = {D3CD532F-5FE9-4F71-A604-FB0F519EB974}
	EndGlobalSection
EndGlobal
